
Microsoft Visual Studio Solution File, Format Version 12.00
# Visual Studio Version 17
VisualStudioVersion = 17.5.002.0
MinimumVisualStudioVersion = 10.0.40219.1
Project("{9A19103F-16F7-4668-BE54-9A1E7A4F7556}") = "api", "api\api.csproj", "{B6081F09-3A2A-44EE-85BB-78D7BE2C1199}"
EndProject
Global
	GlobalSection(SolutionConfigurationPlatforms) = preSolution
		Debug|Any CPU = Debug|Any CPU
		Release|Any CPU = Release|Any CPU
	EndGlobalSection
	GlobalSection(ProjectConfigurationPlatforms) = postSolution
		{B6081F09-3A2A-44EE-85BB-78D7BE2C1199}.Debug|Any CPU.ActiveCfg = Debug|Any CPU
		{B6081F09-3A2A-44EE-85BB-78D7BE2C1199}.Debug|Any CPU.Build.0 = Debug|Any CPU
		{B6081F09-3A2A-44EE-85BB-78D7BE2C1199}.Release|Any CPU.ActiveCfg = Release|Any CPU
		{B6081F09-3A2A-44EE-85BB-78D7BE2C1199}.Release|Any CPU.Build.0 = Release|Any CPU
	EndGlobalSection
	GlobalSection(SolutionProperties) = preSolution
		HideSolutionNode = FALSE
	EndGlobalSection
	GlobalSection(ExtensibilityGlobals) = postSolution
		SolutionGuid = {F281A9B9-2236-4B24-BF79-83E76F3D2470}
	EndGlobalSection
EndGlobal
